
Microsoft Visual Studio Solution File, Format Version 12.00
# Visual Studio 15
VisualStudioVersion = 15.0.27703.2047
MinimumVisualStudioVersion = 10.0.40219.1
Project("{8BC9CEB8-8B4A-11D0-8D11-00A0C91BC942}") = "Template functions", "Template functions\Template functions.vcxproj", "{8D5C3E02-ECA2-4ACF-A2BF-F0A587E40AC7}"
EndProject
Project("{8BC9CEB8-8B4A-11D0-8D11-00A0C91BC942}") = "Template classes", "Template classes\Template classes.vcxproj", "{19B686A1-DA77-4760-B8F8-1628E6FEBACA}"
EndProject
Global
	GlobalSection(SolutionConfigurationPlatforms) = preSolution
		Debug|x64 = Debug|x64
		Debug|x86 = Debug|x86
		Release|x64 = Release|x64
		Release|x86 = Release|x86
	EndGlobalSection
	GlobalSection(ProjectConfigurationPlatforms) = postSolution
		{8D5C3E02-ECA2-4ACF-A2BF-F0A587E40AC7}.Debug|x64.ActiveCfg = Debug|x64
		{8D5C3E02-ECA2-4ACF-A2BF-F0A587E40AC7}.Debug|x64.Build.0 = Debug|x64
		{8D5C3E02-ECA2-4ACF-A2BF-F0A587E40AC7}.Debug|x86.ActiveCfg = Debug|Win32
		{8D5C3E02-ECA2-4ACF-A2BF-F0A587E40AC7}.Debug|x86.Build.0 = Debug|Win32
		{8D5C3E02-ECA2-4ACF-A2BF-F0A587E40AC7}.Release|x64.ActiveCfg = Release|x64
		{8D5C3E02-ECA2-4ACF-A2BF-F0A587E40AC7}.Release|x64.Build.0 = Release|x64
		{8D5C3E02-ECA2-4ACF-A2BF-F0A587E40AC7}.Release|x86.ActiveCfg = Release|Win32
		{8D5C3E02-ECA2-4ACF-A2BF-F0A587E40AC7}.Release|x86.Build.0 = Release|Win32
		{19B686A1-DA77-4760-B8F8-1628E6FEBACA}.Debug|x64.ActiveCfg = Debug|x64
		{19B686A1-DA77-4760-B8F8-1628E6FEBACA}.Debug|x64.Build.0 = Debug|x64
		{19B686A1-DA77-4760-B8F8-1628E6FEBACA}.Debug|x86.ActiveCfg = Debug|Win32
		{19B686A1-DA77-4760-B8F8-1628E6FEBACA}.Debug|x86.Build.0 = Debug|Win32
		{19B686A1-DA77-4760-B8F8-1628E6FEBACA}.Release|x64.ActiveCfg = Release|x64
		{19B686A1-DA77-4760-B8F8-1628E6FEBACA}.Release|x64.Build.0 = Release|x64
		{19B686A1-DA77-4760-B8F8-1628E6FEBACA}.Release|x86.ActiveCfg = Release|Win32
		{19B686A1-DA77-4760-B8F8-1628E6FEBACA}.Release|x86.Build.0 = Release|Win32
	EndGlobalSection
	GlobalSection(SolutionProperties) = preSolution
		HideSolutionNode = FALSE
	EndGlobalSection
	GlobalSection(ExtensibilityGlobals) = postSolution
		SolutionGuid = {0CBF205F-4845-4C4F-AA01-4F4BD2381089}
	EndGlobalSection
EndGlobal
